// !$*UTF8*$!
{
	archiveVersion = 1;
	classes = {
	};
	objectVersion = 46;
	objects = {

/* Begin PBXBuildFile section */
		398DA3C91C02819300E01E85 /* main.m in Sources */ = {isa = PBXBuildFile; fileRef = 398DA3C81C02819300E01E85 /* main.m */; };
		398DA3CC1C02819300E01E85 /* AppDelegate.m in Sources */ = {isa = PBXBuildFile; fileRef = 398DA3CB1C02819300E01E85 /* AppDelegate.m */; };
		398DA3CF1C02819300E01E85 /* ViewController.m in Sources */ = {isa = PBXBuildFile; fileRef = 398DA3CE1C02819300E01E85 /* ViewController.m */; };
		398DA3D21C02819300E01E85 /* Main.storyboard in Resources */ = {isa = PBXBuildFile; fileRef = 398DA3D01C02819300E01E85 /* Main.storyboard */; };
		398DA3D41C02819300E01E85 /* Assets.xcassets in Resources */ = {isa = PBXBuildFile; fileRef = 398DA3D31C02819300E01E85 /* Assets.xcassets */; };
		398DA3D71C02819300E01E85 /* LaunchScreen.storyboard in Resources */ = {isa = PBXBuildFile; fileRef = 398DA3D51C02819300E01E85 /* LaunchScreen.storyboard */; };
		398DA3E21C02819300E01E85 /* MainTests.m in Sources */ = {isa = PBXBuildFile; fileRef = 398DA3E11C02819300E01E85 /* MainTests.m */; };
/* End PBXBuildFile section */

/* Begin PBXContainerItemProxy section */
		398DA3DE1C02819300E01E85 /* PBXContainerItemProxy */ = {
			isa = PBXContainerItemProxy;
			containerPortal = 398DA3BC1C02819300E01E85 /* Project object */;
			proxyType = 1;
			remoteGlobalIDString = 398DA3C31C02819300E01E85;
			remoteInfo = Main;
		};
/* End PBXContainerItemProxy section */

/* Begin PBXFileReference section */
		398DA3C41C02819300E01E85 /* Main.app */ = {isa = PBXFileReference; explicitFileType = wrapper.application; includeInIndex = 0; path = Main.app; sourceTree = BUILT_PRODUCTS_DIR; };
		398DA3C81C02819300E01E85 /* main.m */ = {isa = PBXFileReference; lastKnownFileType = sourcecode.c.objc; path = main.m; sourceTree = "<group>"; };
		398DA3CA1C02819300E01E85 /* AppDelegate.h */ = {isa = PBXFileReference; lastKnownFileType = sourcecode.c.h; path = AppDelegate.h; sourceTree = "<group>"; };
		398DA3CB1C02819300E01E85 /* AppDelegate.m */ = {isa = PBXFileReference; lastKnownFileType = sourcecode.c.objc; path = AppDelegate.m; sourceTree = "<group>"; };
		398DA3CD1C02819300E01E85 /* ViewController.h */ = {isa = PBXFileReference; lastKnownFileType = sourcecode.c.h; path = ViewController.h; sourceTree = "<group>"; };
		398DA3CE1C02819300E01E85 /* ViewController.m */ = {isa = PBXFileReference; lastKnownFileType = sourcecode.c.objc; path = ViewController.m; sourceTree = "<group>"; };
		398DA3D11C02819300E01E85 /* Base */ = {isa = PBXFileReference; lastKnownFileType = file.storyboard; name = Base; path = Base.lproj/Main.storyboard; sourceTree = "<group>"; };
		398DA3D31C02819300E01E85 /* Assets.xcassets */ = {isa = PBXFileReference; lastKnownFileType = folder.assetcatalog; path = Assets.xcassets; sourceTree = "<group>"; };
		398DA3D61C02819300E01E85 /* Base */ = {isa = PBXFileReference; lastKnownFileType = file.storyboard; name = Base; path = Base.lproj/LaunchScreen.storyboard; sourceTree = "<group>"; };
		398DA3D81C02819300E01E85 /* Info.plist */ = {isa = PBXFileReference; lastKnownFileType = text.plist.xml; path = Info.plist; sourceTree = "<group>"; };
		398DA3DD1C02819300E01E85 /* MainTests.xctest */ = {isa = PBXFileReference; explicitFileType = wrapper.cfbundle; includeInIndex = 0; path = MainTests.xctest; sourceTree = BUILT_PRODUCTS_DIR; };
		398DA3E11C02819300E01E85 /* MainTests.m */ = {isa = PBXFileReference; lastKnownFileType = sourcecode.c.objc; path = MainTests.m; sourceTree = "<group>"; };
		398DA3E31C02819300E01E85 /* Info.plist */ = {isa = PBXFileReference; lastKnownFileType = text.plist.xml; path = Info.plist; sourceTree = "<group>"; };
/* End PBXFileReference section */

/* Begin PBXFrameworksBuildPhase section */
		398DA3C11C02819300E01E85 /* Frameworks */ = {
			isa = PBXFrameworksBuildPhase;
			buildActionMask = 2147483647;
			files = (
			);
			runOnlyForDeploymentPostprocessing = 0;
		};
		398DA3DA1C02819300E01E85 /* Frameworks */ = {
			isa = PBXFrameworksBuildPhase;
			buildActionMask = 2147483647;
			files = (
			);
			runOnlyForDeploymentPostprocessing = 0;
		};
/* End PBXFrameworksBuildPhase section */

/* Begin PBXGroup section */
		398DA3BB1C02819300E01E85 = {
			isa = PBXGroup;
			children = (
				398DA3C61C02819300E01E85 /* Main */,
				398DA3E01C02819300E01E85 /* MainTests */,
				398DA3C51C02819300E01E85 /* Products */,
			);
			sourceTree = "<group>";
		};
		398DA3C51C02819300E01E85 /* Products */ = {
			isa = PBXGroup;
			children = (
				398DA3C41C02819300E01E85 /* Main.app */,
				398DA3DD1C02819300E01E85 /* MainTests.xctest */,
			);
			name = Products;
			sourceTree = "<group>";
		};
		398DA3C61C02819300E01E85 /* Main */ = {
			isa = PBXGroup;
			children = (
				398DA3CA1C02819300E01E85 /* AppDelegate.h */,
				398DA3CB1C02819300E01E85 /* AppDelegate.m */,
				398DA3CD1C02819300E01E85 /* ViewController.h */,
				398DA3CE1C02819300E01E85 /* ViewController.m */,
				398DA3D01C02819300E01E85 /* Main.storyboard */,
				398DA3D31C02819300E01E85 /* Assets.xcassets */,
				398DA3D51C02819300E01E85 /* LaunchScreen.storyboard */,
				398DA3D81C02819300E01E85 /* Info.plist */,
				398DA3C71C02819300E01E85 /* Supporting Files */,
			);
			path = Main;
			sourceTree = "<group>";
		};
		398DA3C71C02819300E01E85 /* Supporting Files */ = {
			isa = PBXGroup;
			children = (
				398DA3C81C02819300E01E85 /* main.m */,
			);
			name = "Supporting Files";
			sourceTree = "<group>";
		};
		398DA3E01C02819300E01E85 /* MainTests */ = {
			isa = PBXGroup;
			children = (
				398DA3E11C02819300E01E85 /* MainTests.m */,
				398DA3E31C02819300E01E85 /* Info.plist */,
			);
			path = MainTests;
			sourceTree = "<group>";
		};
/* End PBXGroup section */

/* Begin PBXNativeTarget section */
		398DA3C31C02819300E01E85 /* Main */ = {
			isa = PBXNativeTarget;
			buildConfigurationList = 398DA3E61C02819300E01E85 /* Build configuration list for PBXNativeTarget "Main" */;
			buildPhases = (
				398DA3C01C02819300E01E85 /* Sources */,
				398DA3C11C02819300E01E85 /* Frameworks */,
				398DA3C21C02819300E01E85 /* Resources */,
			);
			buildRules = (
			);
			dependencies = (
			);
			name = Main;
			productName = Main;
			productReference = 398DA3C41C02819300E01E85 /* Main.app */;
			productType = "com.apple.product-type.application";
		};
		398DA3DC1C02819300E01E85 /* MainTests */ = {
			isa = PBXNativeTarget;
			buildConfigurationList = 398DA3E91C02819300E01E85 /* Build configuration list for PBXNativeTarget "MainTests" */;
			buildPhases = (
				398DA3D91C02819300E01E85 /* Sources */,
				398DA3DA1C02819300E01E85 /* Frameworks */,
				398DA3DB1C02819300E01E85 /* Resources */,
			);
			buildRules = (
			);
			dependencies = (
				398DA3DF1C02819300E01E85 /* PBXTargetDependency */,
			);
			name = MainTests;
			productName = MainTests;
			productReference = 398DA3DD1C02819300E01E85 /* MainTests.xctest */;
			productType = "com.apple.product-type.bundle.unit-test";
		};
/* End PBXNativeTarget section */

/* Begin PBXProject section */
		398DA3BC1C02819300E01E85 /* Project object */ = {
			isa = PBXProject;
			attributes = {
				LastUpgradeCheck = 0710;
				ORGANIZATIONNAME = MedHelp;
				TargetAttributes = {
					398DA3C31C02819300E01E85 = {
						CreatedOnToolsVersion = 7.1.1;
					};
					398DA3DC1C02819300E01E85 = {
						CreatedOnToolsVersion = 7.1.1;
						TestTargetID = 398DA3C31C02819300E01E85;
					};
				};
			};
			buildConfigurationList = 398DA3BF1C02819300E01E85 /* Build configuration list for PBXProject "Main" */;
			compatibilityVersion = "Xcode 3.2";
			developmentRegion = English;
			hasScannedForEncodings = 0;
			knownRegions = (
				en,
				Base,
			);
			mainGroup = 398DA3BB1C02819300E01E85;
			productRefGroup = 398DA3C51C02819300E01E85 /* Products */;
			projectDirPath = "";
			projectRoot = "";
			targets = (
				398DA3C31C02819300E01E85 /* Main */,
				398DA3DC1C02819300E01E85 /* MainTests */,
			);
		};
/* End PBXProject section */

/* Begin PBXResourcesBuildPhase section */
		398DA3C21C02819300E01E85 /* Resources */ = {
			isa = PBXResourcesBuildPhase;
			buildActionMask = 2147483647;
			files = (
				398DA3D71C02819300E01E85 /* LaunchScreen.storyboard in Resources */,
				398DA3D41C02819300E01E85 /* Assets.xcassets in Resources */,
				398DA3D21C02819300E01E85 /* Main.storyboard in Resources */,
			);
			runOnlyForDeploymentPostprocessing = 0;
		};
		398DA3DB1C02819300E01E85 /* Resources */ = {
			isa = PBXResourcesBuildPhase;
			buildActionMask = 2147483647;
			files = (
			);
			runOnlyForDeploymentPostprocessing = 0;
		};
/* End PBXResourcesBuildPhase section */

/* Begin PBXSourcesBuildPhase section */
		398DA3C01C02819300E01E85 /* Sources */ = {
			isa = PBXSourcesBuildPhase;
			buildActionMask = 2147483647;
			files = (
				398DA3CF1C02819300E01E85 /* ViewController.m in Sources */,
				398DA3CC1C02819300E01E85 /* AppDelegate.m in Sources */,
				398DA3C91C02819300E01E85 /* main.m in Sources */,
			);
			runOnlyForDeploymentPostprocessing = 0;
		};
		398DA3D91C02819300E01E85 /* Sources */ = {
			isa = PBXSourcesBuildPhase;
			buildActionMask = 2147483647;
			files = (
				398DA3E21C02819300E01E85 /* MainTests.m in Sources */,
			);
			runOnlyForDeploymentPostprocessing = 0;
		};
/* End PBXSourcesBuildPhase section */

/* Begin PBXTargetDependency section */
		398DA3DF1C02819300E01E85 /* PBXTargetDependency */ = {
			isa = PBXTargetDependency;
			target = 398DA3C31C02819300E01E85 /* Main */;
			targetProxy = 398DA3DE1C02819300E01E85 /* PBXContainerItemProxy */;
		};
/* End PBXTargetDependency section */

/* Begin PBXVariantGroup section */
		398DA3D01C02819300E01E85 /* Main.storyboard */ = {
			isa = PBXVariantGroup;
			children = (
				398DA3D11C02819300E01E85 /* Base */,
			);
			name = Main.storyboard;
			sourceTree = "<group>";
		};
		398DA3D51C02819300E01E85 /* LaunchScreen.storyboard */ = {
			isa = PBXVariantGroup;
			children = (
				398DA3D61C02819300E01E85 /* Base */,
			);
			name = LaunchScreen.storyboard;
			sourceTree = "<group>";
		};
/* End PBXVariantGroup section */

/* Begin XCBuildConfiguration section */
		398DA3E41C02819300E01E85 /* Debug */ = {
			isa = XCBuildConfiguration;
			buildSettings = {
				ALWAYS_SEARCH_USER_PATHS = NO;
				CLANG_CXX_LANGUAGE_STANDARD = "gnu++0x";
				CLANG_CXX_LIBRARY = "libc++";
				CLANG_ENABLE_MODULES = YES;
				CLANG_ENABLE_OBJC_ARC = YES;
				CLANG_WARN_BOOL_CONVERSION = YES;
				CLANG_WARN_CONSTANT_CONVERSION = YES;
				CLANG_WARN_DIRECT_OBJC_ISA_USAGE = YES_ERROR;
				CLANG_WARN_EMPTY_BODY = YES;
				CLANG_WARN_ENUM_CONVERSION = YES;
				CLANG_WARN_INT_CONVERSION = YES;
				CLANG_WARN_OBJC_ROOT_CLASS = YES_ERROR;
				CLANG_WARN_UNREACHABLE_CODE = YES;
				CLANG_WARN__DUPLICATE_METHOD_MATCH = YES;
				"CODE_SIGN_IDENTITY[sdk=iphoneos*]" = "iPhone Developer";
				COPY_PHASE_STRIP = NO;
				DEBUG_INFORMATION_FORMAT = dwarf;
				ENABLE_STRICT_OBJC_MSGSEND = YES;
				ENABLE_TESTABILITY = YES;
				GCC_C_LANGUAGE_STANDARD = gnu99;
				GCC_DYNAMIC_NO_PIC = NO;
				GCC_NO_COMMON_BLOCKS = YES;
				GCC_OPTIMIZATION_LEVEL = 0;
				GCC_PREPROCESSOR_DEFINITIONS = (
					"DEBUG=1",
					"$(inherited)",
				);
				GCC_WARN_64_TO_32_BIT_CONVERSION = YES;
				GCC_WARN_ABOUT_RETURN_TYPE = YES_ERROR;
				GCC_WARN_UNDECLARED_SELECTOR = YES;
				GCC_WARN_UNINITIALIZED_AUTOS = YES_AGGRESSIVE;
				GCC_WARN_UNUSED_FUNCTION = YES;
				GCC_WARN_UNUSED_VARIABLE = YES;
				IPHONEOS_DEPLOYMENT_TARGET = 9.1;
				MTL_ENABLE_DEBUG_INFO = YES;
				ONLY_ACTIVE_ARCH = YES;
				SDKROOT = iphoneos;
			};
			name = Debug;
		};
		398DA3E51C02819300E01E85 /* Release */ = {
			isa = XCBuildConfiguration;
			buildSettings = {
				ALWAYS_SEARCH_USER_PATHS = NO;
				CLANG_CXX_LANGUAGE_STANDARD = "gnu++0x";
				CLANG_CXX_LIBRARY = "libc++";
				CLANG_ENABLE_MODULES = YES;
				CLANG_ENABLE_OBJC_ARC = YES;
				CLANG_WARN_BOOL_CONVERSION = YES;
				CLANG_WARN_CONSTANT_CONVERSION = YES;
				CLANG_WARN_DIRECT_OBJC_ISA_USAGE = YES_ERROR;
				CLANG_WARN_EMPTY_BODY = YES;
				CLANG_WARN_ENUM_CONVERSION = YES;
				CLANG_WARN_INT_CONVERSION = YES;
				CLANG_WARN_OBJC_ROOT_CLASS = YES_ERROR;
				CLANG_WARN_UNREACHABLE_CODE = YES;
				CLANG_WARN__DUPLICATE_METHOD_MATCH = YES;
				"CODE_SIGN_IDENTITY[sdk=iphoneos*]" = "iPhone Developer";
				COPY_PHASE_STRIP = NO;
				DEBUG_INFORMATION_FORMAT = "dwarf-with-dsym";
				ENABLE_NS_ASSERTIONS = NO;
				ENABLE_STRICT_OBJC_MSGSEND = YES;
				GCC_C_LANGUAGE_STANDARD = gnu99;
				GCC_NO_COMMON_BLOCKS = YES;
				GCC_WARN_64_TO_32_BIT_CONVERSION = YES;
				GCC_WARN_ABOUT_RETURN_TYPE = YES_ERROR;
				GCC_WARN_UNDECLARED_SELECTOR = YES;
				GCC_WARN_UNINITIALIZED_AUTOS = YES_AGGRESSIVE;
				GCC_WARN_UNUSED_FUNCTION = YES;
				GCC_WARN_UNUSED_VARIABLE = YES;
				IPHONEOS_DEPLOYMENT_TARGET = 9.1;
				MTL_ENABLE_DEBUG_INFO = NO;
				SDKROOT = iphoneos;
				VALIDATE_PRODUCT = YES;
			};
			name = Release;
		};
		398DA3E71C02819300E01E85 /* Debug */ = {
			isa = XCBuildConfiguration;
			buildSettings = {
				ASSETCATALOG_COMPILER_APPICON_NAME = AppIcon;
				INFOPLIST_FILE = Main/Info.plist;
				LD_RUNPATH_SEARCH_PATHS = "$(inherited) @executable_path/Frameworks";
				PRODUCT_BUNDLE_IDENTIFIER = org.medhelp.Main;
				PRODUCT_NAME = "$(TARGET_NAME)";
			};
			name = Debug;
		};
		398DA3E81C02819300E01E85 /* Release */ = {
			isa = XCBuildConfiguration;
			buildSettings = {
				ASSETCATALOG_COMPILER_APPICON_NAME = AppIcon;
				INFOPLIST_FILE = Main/Info.plist;
				LD_RUNPATH_SEARCH_PATHS = "$(inherited) @executable_path/Frameworks";
				PRODUCT_BUNDLE_IDENTIFIER = org.medhelp.Main;
				PRODUCT_NAME = "$(TARGET_NAME)";
			};
			name = Release;
		};
		398DA3EA1C02819300E01E85 /* Debug */ = {
			isa = XCBuildConfiguration;
			buildSettings = {
				BUNDLE_LOADER = "$(TEST_HOST)";
				INFOPLIST_FILE = MainTests/Info.plist;
				LD_RUNPATH_SEARCH_PATHS = "$(inherited) @executable_path/Frameworks @loader_path/Frameworks";
				PRODUCT_BUNDLE_IDENTIFIER = org.medhelp.MainTests;
				PRODUCT_NAME = "$(TARGET_NAME)";
				TEST_HOST = "$(BUILT_PRODUCTS_DIR)/Main.app/Main";
			};
			name = Debug;
		};
		398DA3EB1C02819300E01E85 /* Release */ = {
			isa = XCBuildConfiguration;
			buildSettings = {
				BUNDLE_LOADER = "$(TEST_HOST)";
				INFOPLIST_FILE = MainTests/Info.plist;
				LD_RUNPATH_SEARCH_PATHS = "$(inherited) @executable_path/Frameworks @loader_path/Frameworks";
				PRODUCT_BUNDLE_IDENTIFIER = org.medhelp.MainTests;
				PRODUCT_NAME = "$(TARGET_NAME)";
				TEST_HOST = "$(BUILT_PRODUCTS_DIR)/Main.app/Main";
			};
			name = Release;
		};
/* End XCBuildConfiguration section */

/* Begin XCConfigurationList section */
		398DA3BF1C02819300E01E85 /* Build configuration list for PBXProject "Main" */ = {
			isa = XCConfigurationList;
			buildConfigurations = (
				398DA3E41C02819300E01E85 /* Debug */,
				398DA3E51C02819300E01E85 /* Release */,
			);
			defaultConfigurationIsVisible = 0;
			defaultConfigurationName = Release;
		};
		398DA3E61C02819300E01E85 /* Build configuration list for PBXNativeTarget "Main" */ = {
			isa = XCConfigurationList;
			buildConfigurations = (
				398DA3E71C02819300E01E85 /* Debug */,
				398DA3E81C02819300E01E85 /* Release */,
			);
			defaultConfigurationIsVisible = 0;
		};
		398DA3E91C02819300E01E85 /* Build configuration list for PBXNativeTarget "MainTests" */ = {
			isa = XCConfigurationList;
			buildConfigurations = (
				398DA3EA1C02819300E01E85 /* Debug */,
				398DA3EB1C02819300E01E85 /* Release */,
			);
			defaultConfigurationIsVisible = 0;
		};
/* End XCConfigurationList section */
	};
	rootObject = 398DA3BC1C02819300E01E85 /* Project object */;
}
